{
    "requires": true,
    "lockfileVersion": 1,
    "dependencies": {
        "bootstrap": {
            "version": "4.3.1",
            "resolved": "https://registry.npmjs.org/bootstrap/-/bootstrap-4.3.1.tgz",
            "integrity": "sha512-rXqOmH1VilAt2DyPzluTi2blhk17bO7ef+zLLPlWvG494pDxcM234pJ8wTc/6R40UWizAIIMgxjvxZg5kmsbag=="
        },
        "jquery": {
            "version": "3.3.1",
            "resolved": "https://registry.npmjs.org/jquery/-/jquery-3.3.1.tgz",
            "integrity": "sha512-Ubldcmxp5np52/ENotGxlLe6aGMvmF4R8S6tZjsP6Knsaxd/xp3Zrh50cG93lR6nPXyUFwzN3ZSOQI0wRJNdGg=="
        },
        "sweetalert2": {
            "version": "8.12.1",
            "resolved": "https://registry.npmjs.org/sweetalert2/-/sweetalert2-8.12.1.tgz",
            "integrity": "sha512-C+c/lB95JjePFW9n5cEghKnk3z0sbeOfbt3yzV4QlbBLx+Wh/LzVIb59QTvixHEhvTiSkUMgSY30Uj40hU3MHw=="
        },
        "yarn": {
            "version": "1.16.0",
            "resolved": "https://registry.npmjs.org/yarn/-/yarn-1.16.0.tgz",
            "integrity": "sha512-cfemyGlnWKA1zopUUgebTPf8C4WkPIZ+TJmklwcEAJ4u6oWPtJeAzrsamaGGh/+b1XWe8W51yzAImC4AWbWR1g=="
        }
    }
}
